
Microsoft Visual Studio Solution File, Format Version 12.00
# Visual Studio 15
Project("{FAE04EC0-301F-11D3-BF4B-00C04F79EFBC}") = "Obi", "Obi.csproj", "{F08C6C88-6723-8229-D0ED-629270DD3E67}"
EndProject
Project("{FAE04EC0-301F-11D3-BF4B-00C04F79EFBC}") = "Assembly-CSharp", "Assembly-CSharp.csproj", "{86EC64E9-B37B-1A9E-BDD7-84C95C0171A2}"
EndProject
Project("{FAE04EC0-301F-11D3-BF4B-00C04F79EFBC}") = "Assembly-CSharp-firstpass", "Assembly-CSharp-firstpass.csproj", "{2FCB848F-4ABE-BCF5-8A2A-6063BDE4D220}"
EndProject
Project("{FAE04EC0-301F-11D3-BF4B-00C04F79EFBC}") = "Obi.Editor", "Obi.Editor.csproj", "{B63243B8-7DC1-717D-780A-49124CEC309B}"
EndProject
Project("{FAE04EC0-301F-11D3-BF4B-00C04F79EFBC}") = "Assembly-CSharp-Editor", "Assembly-CSharp-Editor.csproj", "{B823C665-5E51-FE9B-1002-1112FFCC9FEE}"
EndProject
Project("{FAE04EC0-301F-11D3-BF4B-00C04F79EFBC}") = "Assembly-CSharp-Editor-firstpass", "Assembly-CSharp-Editor-firstpass.csproj", "{1264106E-B4EF-232D-65E5-3366EC59B106}"
EndProject
Global
	GlobalSection(SolutionConfigurationPlatforms) = preSolution
		Debug|Any CPU = Debug|Any CPU
		Release|Any CPU = Release|Any CPU
	EndGlobalSection
	GlobalSection(ProjectConfigurationPlatforms) = postSolution
		{F08C6C88-6723-8229-D0ED-629270DD3E67}.Debug|Any CPU.ActiveCfg = Debug|Any CPU
		{F08C6C88-6723-8229-D0ED-629270DD3E67}.Debug|Any CPU.Build.0 = Debug|Any CPU
		{F08C6C88-6723-8229-D0ED-629270DD3E67}.Release|Any CPU.ActiveCfg = Release|Any CPU
		{F08C6C88-6723-8229-D0ED-629270DD3E67}.Release|Any CPU.Build.0 = Release|Any CPU
		{86EC64E9-B37B-1A9E-BDD7-84C95C0171A2}.Debug|Any CPU.ActiveCfg = Debug|Any CPU
		{86EC64E9-B37B-1A9E-BDD7-84C95C0171A2}.Debug|Any CPU.Build.0 = Debug|Any CPU
		{86EC64E9-B37B-1A9E-BDD7-84C95C0171A2}.Release|Any CPU.ActiveCfg = Release|Any CPU
		{86EC64E9-B37B-1A9E-BDD7-84C95C0171A2}.Release|Any CPU.Build.0 = Release|Any CPU
		{2FCB848F-4ABE-BCF5-8A2A-6063BDE4D220}.Debug|Any CPU.ActiveCfg = Debug|Any CPU
		{2FCB848F-4ABE-BCF5-8A2A-6063BDE4D220}.Debug|Any CPU.Build.0 = Debug|Any CPU
		{2FCB848F-4ABE-BCF5-8A2A-6063BDE4D220}.Release|Any CPU.ActiveCfg = Release|Any CPU
		{2FCB848F-4ABE-BCF5-8A2A-6063BDE4D220}.Release|Any CPU.Build.0 = Release|Any CPU
		{B63243B8-7DC1-717D-780A-49124CEC309B}.Debug|Any CPU.ActiveCfg = Debug|Any CPU
		{B63243B8-7DC1-717D-780A-49124CEC309B}.Debug|Any CPU.Build.0 = Debug|Any CPU
		{B63243B8-7DC1-717D-780A-49124CEC309B}.Release|Any CPU.ActiveCfg = Release|Any CPU
		{B63243B8-7DC1-717D-780A-49124CEC309B}.Release|Any CPU.Build.0 = Release|Any CPU
		{B823C665-5E51-FE9B-1002-1112FFCC9FEE}.Debug|Any CPU.ActiveCfg = Debug|Any CPU
		{B823C665-5E51-FE9B-1002-1112FFCC9FEE}.Debug|Any CPU.Build.0 = Debug|Any CPU
		{B823C665-5E51-FE9B-1002-1112FFCC9FEE}.Release|Any CPU.ActiveCfg = Release|Any CPU
		{B823C665-5E51-FE9B-1002-1112FFCC9FEE}.Release|Any CPU.Build.0 = Release|Any CPU
		{1264106E-B4EF-232D-65E5-3366EC59B106}.Debug|Any CPU.ActiveCfg = Debug|Any CPU
		{1264106E-B4EF-232D-65E5-3366EC59B106}.Debug|Any CPU.Build.0 = Debug|Any CPU
		{1264106E-B4EF-232D-65E5-3366EC59B106}.Release|Any CPU.ActiveCfg = Release|Any CPU
		{1264106E-B4EF-232D-65E5-3366EC59B106}.Release|Any CPU.Build.0 = Release|Any CPU
	EndGlobalSection
	GlobalSection(SolutionProperties) = preSolution
		HideSolutionNode = FALSE
	EndGlobalSection
EndGlobal
